
Microsoft Visual Studio Solution File, Format Version 12.00
# Visual Studio Version 17
VisualStudioVersion = 17.13.35931.197
MinimumVisualStudioVersion = 10.0.40219.1
Project("{FAE04EC0-301F-11D3-BF4B-00C04F79EFBC}") = "Ex1000", "Ex1000\Ex1000.csproj", "{72286F4B-8531-407B-8F6D-9DE9211D92F7}"
EndProject
Project("{FAE04EC0-301F-11D3-BF4B-00C04F79EFBC}") = "Ex1001", "Ex1001\Ex1001.csproj", "{F7E0D0AA-9ED6-467A-8236-F84943F1B74B}"
EndProject
Project("{FAE04EC0-301F-11D3-BF4B-00C04F79EFBC}") = "Ex1002", "Ex1002\Ex1002.csproj", "{3D5CACDE-0020-4980-A98A-2AD4501ED851}"
EndProject
Project("{FAE04EC0-301F-11D3-BF4B-00C04F79EFBC}") = "Ex1003", "Ex1003\Ex1003.csproj", "{892AF56E-3C66-4CE6-BE6D-01ED414DEDCA}"
EndProject
Project("{FAE04EC0-301F-11D3-BF4B-00C04F79EFBC}") = "Ex1004", "Ex1004\Ex1004.csproj", "{07800B25-92A7-487E-8FD6-EB6188D8BE42}"
EndProject
Project("{FAE04EC0-301F-11D3-BF4B-00C04F79EFBC}") = "Ex1005", "Ex1005\Ex1005.csproj", "{154250EC-B702-4540-980B-4D2EDE37FAC5}"
EndProject
Project("{FAE04EC0-301F-11D3-BF4B-00C04F79EFBC}") = "Ex1006", "Ex1006\Ex1006.csproj", "{A93A26E5-5DC3-433B-B70C-7403102F3379}"
EndProject
Project("{FAE04EC0-301F-11D3-BF4B-00C04F79EFBC}") = "Ex1007", "Ex1007\Ex1007.csproj", "{5AE1E555-1991-4066-BF88-EE81A17BA8B8}"
EndProject
Project("{FAE04EC0-301F-11D3-BF4B-00C04F79EFBC}") = "Ex1008", "Ex1008\Ex1008.csproj", "{BBC8A9D5-6C9A-4595-A26F-704642C3538F}"
EndProject
Project("{FAE04EC0-301F-11D3-BF4B-00C04F79EFBC}") = "Ex1009", "Ex1009\Ex1009.csproj", "{760DBDDB-F5FA-4EBA-ABE9-E3930B512446}"
EndProject
Project("{FAE04EC0-301F-11D3-BF4B-00C04F79EFBC}") = "Ex1010", "Ex1010\Ex1010.csproj", "{BC509026-F4D0-4211-8438-1CA214F00F2F}"
EndProject
Project("{FAE04EC0-301F-11D3-BF4B-00C04F79EFBC}") = "Ex1011", "Ex1011\Ex1011.csproj", "{6B80A4FD-F82A-4FD9-8686-45A15DC12B10}"
EndProject
Project("{FAE04EC0-301F-11D3-BF4B-00C04F79EFBC}") = "Ex1012", "Ex1012\Ex1012.csproj", "{9F405446-81E5-4486-8885-88E8849F9CBF}"
EndProject
Project("{FAE04EC0-301F-11D3-BF4B-00C04F79EFBC}") = "Ex1013", "Ex1013\Ex1013.csproj", "{5E0BD62E-F09F-4EFB-9EA2-D72EB8DB3459}"
EndProject
Project("{FAE04EC0-301F-11D3-BF4B-00C04F79EFBC}") = "Ex1014", "Ex1014\Ex1014.csproj", "{4AC46939-2D7D-4FBE-A6A1-8E4E8DADF1DA}"
EndProject
Project("{FAE04EC0-301F-11D3-BF4B-00C04F79EFBC}") = "Ex1015", "Ex1015\Ex1015.csproj", "{FF0AC109-3C20-4358-94AF-A8B183F8CF75}"
EndProject
Project("{FAE04EC0-301F-11D3-BF4B-00C04F79EFBC}") = "Ex1016", "Ex1016\Ex1016.csproj", "{C8FD891C-98F3-4156-AEA1-D9F6D817FB46}"
EndProject
Project("{FAE04EC0-301F-11D3-BF4B-00C04F79EFBC}") = "Ex1017", "Ex1017\Ex1017.csproj", "{27474A5C-D4CA-41C3-AE04-749FAA57BF29}"
EndProject
Project("{FAE04EC0-301F-11D3-BF4B-00C04F79EFBC}") = "Ex1018", "Ex1018\Ex1018.csproj", "{47E87987-1771-4996-9EF1-C4791BBF8833}"
EndProject
Project("{FAE04EC0-301F-11D3-BF4B-00C04F79EFBC}") = "Ex1019", "Ex1019\Ex1019.csproj", "{6C62117D-C24D-401A-8982-6250F0E779FD}"
EndProject
Project("{FAE04EC0-301F-11D3-BF4B-00C04F79EFBC}") = "Ex1020", "Ex1020\Ex1020.csproj", "{00DB1CCA-0CB3-451C-B688-4A6221F7F813}"
EndProject
Project("{FAE04EC0-301F-11D3-BF4B-00C04F79EFBC}") = "Ex1021", "Ex1021\Ex1021.csproj", "{8D01DC27-349B-48AB-B3E6-CF645FC90B8C}"
EndProject
Project("{FAE04EC0-301F-11D3-BF4B-00C04F79EFBC}") = "Ex1035", "Ex1035\Ex1035.csproj", "{48AAE9B1-D8EF-4C99-847A-5B4270295E4D}"
EndProject
Project("{FAE04EC0-301F-11D3-BF4B-00C04F79EFBC}") = "Ex1036", "Ex1036\Ex1036.csproj", "{FC23EE39-DAC4-48A5-8CC4-E0C4604F4846}"
EndProject
Project("{FAE04EC0-301F-11D3-BF4B-00C04F79EFBC}") = "Ex1037", "Ex1037\Ex1037.csproj", "{159C7D18-192F-44AA-944D-1C770C24D93C}"
EndProject
Project("{FAE04EC0-301F-11D3-BF4B-00C04F79EFBC}") = "Ex1038", "Ex1038\Ex1038.csproj", "{A3EC4877-D887-40D1-9684-611B912F7EAC}"
EndProject
Global
	GlobalSection(SolutionConfigurationPlatforms) = preSolution
		Debug|Any CPU = Debug|Any CPU
		Debug|x64 = Debug|x64
		Debug|x86 = Debug|x86
		Release|Any CPU = Release|Any CPU
		Release|x64 = Release|x64
		Release|x86 = Release|x86
	EndGlobalSection
	GlobalSection(ProjectConfigurationPlatforms) = postSolution
		{72286F4B-8531-407B-8F6D-9DE9211D92F7}.Debug|Any CPU.ActiveCfg = Debug|Any CPU
		{72286F4B-8531-407B-8F6D-9DE9211D92F7}.Debug|Any CPU.Build.0 = Debug|Any CPU
		{72286F4B-8531-407B-8F6D-9DE9211D92F7}.Debug|x64.ActiveCfg = Debug|Any CPU
		{72286F4B-8531-407B-8F6D-9DE9211D92F7}.Debug|x64.Build.0 = Debug|Any CPU
		{72286F4B-8531-407B-8F6D-9DE9211D92F7}.Debug|x86.ActiveCfg = Debug|Any CPU
		{72286F4B-8531-407B-8F6D-9DE9211D92F7}.Debug|x86.Build.0 = Debug|Any CPU
		{72286F4B-8531-407B-8F6D-9DE9211D92F7}.Release|Any CPU.ActiveCfg = Release|Any CPU
		{72286F4B-8531-407B-8F6D-9DE9211D92F7}.Release|Any CPU.Build.0 = Release|Any CPU
		{72286F4B-8531-407B-8F6D-9DE9211D92F7}.Release|x64.ActiveCfg = Release|Any CPU
		{72286F4B-8531-407B-8F6D-9DE9211D92F7}.Release|x64.Build.0 = Release|Any CPU
		{72286F4B-8531-407B-8F6D-9DE9211D92F7}.Release|x86.ActiveCfg = Release|Any CPU
		{72286F4B-8531-407B-8F6D-9DE9211D92F7}.Release|x86.Build.0 = Release|Any CPU
		{F7E0D0AA-9ED6-467A-8236-F84943F1B74B}.Debug|Any CPU.ActiveCfg = Debug|Any CPU
		{F7E0D0AA-9ED6-467A-8236-F84943F1B74B}.Debug|Any CPU.Build.0 = Debug|Any CPU
		{F7E0D0AA-9ED6-467A-8236-F84943F1B74B}.Debug|x64.ActiveCfg = Debug|Any CPU
		{F7E0D0AA-9ED6-467A-8236-F84943F1B74B}.Debug|x64.Build.0 = Debug|Any CPU
		{F7E0D0AA-9ED6-467A-8236-F84943F1B74B}.Debug|x86.ActiveCfg = Debug|Any CPU
		{F7E0D0AA-9ED6-467A-8236-F84943F1B74B}.Debug|x86.Build.0 = Debug|Any CPU
		{F7E0D0AA-9ED6-467A-8236-F84943F1B74B}.Release|Any CPU.ActiveCfg = Release|Any CPU
		{F7E0D0AA-9ED6-467A-8236-F84943F1B74B}.Release|Any CPU.Build.0 = Release|Any CPU
		{F7E0D0AA-9ED6-467A-8236-F84943F1B74B}.Release|x64.ActiveCfg = Release|Any CPU
		{F7E0D0AA-9ED6-467A-8236-F84943F1B74B}.Release|x64.Build.0 = Release|Any CPU
		{F7E0D0AA-9ED6-467A-8236-F84943F1B74B}.Release|x86.ActiveCfg = Release|Any CPU
		{F7E0D0AA-9ED6-467A-8236-F84943F1B74B}.Release|x86.Build.0 = Release|Any CPU
		{3D5CACDE-0020-4980-A98A-2AD4501ED851}.Debug|Any CPU.ActiveCfg = Debug|Any CPU
		{3D5CACDE-0020-4980-A98A-2AD4501ED851}.Debug|Any CPU.Build.0 = Debug|Any CPU
		{3D5CACDE-0020-4980-A98A-2AD4501ED851}.Debug|x64.ActiveCfg = Debug|Any CPU
		{3D5CACDE-0020-4980-A98A-2AD4501ED851}.Debug|x64.Build.0 = Debug|Any CPU
		{3D5CACDE-0020-4980-A98A-2AD4501ED851}.Debug|x86.ActiveCfg = Debug|Any CPU
		{3D5CACDE-0020-4980-A98A-2AD4501ED851}.Debug|x86.Build.0 = Debug|Any CPU
		{3D5CACDE-0020-4980-A98A-2AD4501ED851}.Release|Any CPU.ActiveCfg = Release|Any CPU
		{3D5CACDE-0020-4980-A98A-2AD4501ED851}.Release|Any CPU.Build.0 = Release|Any CPU
		{3D5CACDE-0020-4980-A98A-2AD4501ED851}.Release|x64.ActiveCfg = Release|Any CPU
		{3D5CACDE-0020-4980-A98A-2AD4501ED851}.Release|x64.Build.0 = Release|Any CPU
		{3D5CACDE-0020-4980-A98A-2AD4501ED851}.Release|x86.ActiveCfg = Release|Any CPU
		{3D5CACDE-0020-4980-A98A-2AD4501ED851}.Release|x86.Build.0 = Release|Any CPU
		{892AF56E-3C66-4CE6-BE6D-01ED414DEDCA}.Debug|Any CPU.ActiveCfg = Debug|Any CPU
		{892AF56E-3C66-4CE6-BE6D-01ED414DEDCA}.Debug|Any CPU.Build.0 = Debug|Any CPU
		{892AF56E-3C66-4CE6-BE6D-01ED414DEDCA}.Debug|x64.ActiveCfg = Debug|Any CPU
		{892AF56E-3C66-4CE6-BE6D-01ED414DEDCA}.Debug|x64.Build.0 = Debug|Any CPU
		{892AF56E-3C66-4CE6-BE6D-01ED414DEDCA}.Debug|x86.ActiveCfg = Debug|Any CPU
		{892AF56E-3C66-4CE6-BE6D-01ED414DEDCA}.Debug|x86.Build.0 = Debug|Any CPU
		{892AF56E-3C66-4CE6-BE6D-01ED414DEDCA}.Release|Any CPU.ActiveCfg = Release|Any CPU
		{892AF56E-3C66-4CE6-BE6D-01ED414DEDCA}.Release|Any CPU.Build.0 = Release|Any CPU
		{892AF56E-3C66-4CE6-BE6D-01ED414DEDCA}.Release|x64.ActiveCfg = Release|Any CPU
		{892AF56E-3C66-4CE6-BE6D-01ED414DEDCA}.Release|x64.Build.0 = Release|Any CPU
		{892AF56E-3C66-4CE6-BE6D-01ED414DEDCA}.Release|x86.ActiveCfg = Release|Any CPU
		{892AF56E-3C66-4CE6-BE6D-01ED414DEDCA}.Release|x86.Build.0 = Release|Any CPU
		{07800B25-92A7-487E-8FD6-EB6188D8BE42}.Debug|Any CPU.ActiveCfg = Debug|Any CPU
		{07800B25-92A7-487E-8FD6-EB6188D8BE42}.Debug|Any CPU.Build.0 = Debug|Any CPU
		{07800B25-92A7-487E-8FD6-EB6188D8BE42}.Debug|x64.ActiveCfg = Debug|Any CPU
		{07800B25-92A7-487E-8FD6-EB6188D8BE42}.Debug|x64.Build.0 = Debug|Any CPU
		{07800B25-92A7-487E-8FD6-EB6188D8BE42}.Debug|x86.ActiveCfg = Debug|Any CPU
		{07800B25-92A7-487E-8FD6-EB6188D8BE42}.Debug|x86.Build.0 = Debug|Any CPU
		{07800B25-92A7-487E-8FD6-EB6188D8BE42}.Release|Any CPU.ActiveCfg = Release|Any CPU
		{07800B25-92A7-487E-8FD6-EB6188D8BE42}.Release|Any CPU.Build.0 = Release|Any CPU
		{07800B25-92A7-487E-8FD6-EB6188D8BE42}.Release|x64.ActiveCfg = Release|Any CPU
		{07800B25-92A7-487E-8FD6-EB6188D8BE42}.Release|x64.Build.0 = Release|Any CPU
		{07800B25-92A7-487E-8FD6-EB6188D8BE42}.Release|x86.ActiveCfg = Release|Any CPU
		{07800B25-92A7-487E-8FD6-EB6188D8BE42}.Release|x86.Build.0 = Release|Any CPU
		{154250EC-B702-4540-980B-4D2EDE37FAC5}.Debug|Any CPU.ActiveCfg = Debug|Any CPU
		{154250EC-B702-4540-980B-4D2EDE37FAC5}.Debug|Any CPU.Build.0 = Debug|Any CPU
		{154250EC-B702-4540-980B-4D2EDE37FAC5}.Debug|x64.ActiveCfg = Debug|Any CPU
		{154250EC-B702-4540-980B-4D2EDE37FAC5}.Debug|x64.Build.0 = Debug|Any CPU
		{154250EC-B702-4540-980B-4D2EDE37FAC5}.Debug|x86.ActiveCfg = Debug|Any CPU
		{154250EC-B702-4540-980B-4D2EDE37FAC5}.Debug|x86.Build.0 = Debug|Any CPU
		{154250EC-B702-4540-980B-4D2EDE37FAC5}.Release|Any CPU.ActiveCfg = Release|Any CPU
		{154250EC-B702-4540-980B-4D2EDE37FAC5}.Release|Any CPU.Build.0 = Release|Any CPU
		{154250EC-B702-4540-980B-4D2EDE37FAC5}.Release|x64.ActiveCfg = Release|Any CPU
		{154250EC-B702-4540-980B-4D2EDE37FAC5}.Release|x64.Build.0 = Release|Any CPU
		{154250EC-B702-4540-980B-4D2EDE37FAC5}.Release|x86.ActiveCfg = Release|Any CPU
		{154250EC-B702-4540-980B-4D2EDE37FAC5}.Release|x86.Build.0 = Release|Any CPU
		{A93A26E5-5DC3-433B-B70C-7403102F3379}.Debug|Any CPU.ActiveCfg = Debug|Any CPU
		{A93A26E5-5DC3-433B-B70C-7403102F3379}.Debug|Any CPU.Build.0 = Debug|Any CPU
		{A93A26E5-5DC3-433B-B70C-7403102F3379}.Debug|x64.ActiveCfg = Debug|Any CPU
		{A93A26E5-5DC3-433B-B70C-7403102F3379}.Debug|x64.Build.0 = Debug|Any CPU
		{A93A26E5-5DC3-433B-B70C-7403102F3379}.Debug|x86.ActiveCfg = Debug|Any CPU
		{A93A26E5-5DC3-433B-B70C-7403102F3379}.Debug|x86.Build.0 = Debug|Any CPU
		{A93A26E5-5DC3-433B-B70C-7403102F3379}.Release|Any CPU.ActiveCfg = Release|Any CPU
		{A93A26E5-5DC3-433B-B70C-7403102F3379}.Release|Any CPU.Build.0 = Release|Any CPU
		{A93A26E5-5DC3-433B-B70C-7403102F3379}.Release|x64.ActiveCfg = Release|Any CPU
		{A93A26E5-5DC3-433B-B70C-7403102F3379}.Release|x64.Build.0 = Release|Any CPU
		{A93A26E5-5DC3-433B-B70C-7403102F3379}.Release|x86.ActiveCfg = Release|Any CPU
		{A93A26E5-5DC3-433B-B70C-7403102F3379}.Release|x86.Build.0 = Release|Any CPU
		{5AE1E555-1991-4066-BF88-EE81A17BA8B8}.Debug|Any CPU.ActiveCfg = Debug|Any CPU
		{5AE1E555-1991-4066-BF88-EE81A17BA8B8}.Debug|Any CPU.Build.0 = Debug|Any CPU
		{5AE1E555-1991-4066-BF88-EE81A17BA8B8}.Debug|x64.ActiveCfg = Debug|Any CPU
		{5AE1E555-1991-4066-BF88-EE81A17BA8B8}.Debug|x64.Build.0 = Debug|Any CPU
		{5AE1E555-1991-4066-BF88-EE81A17BA8B8}.Debug|x86.ActiveCfg = Debug|Any CPU
		{5AE1E555-1991-4066-BF88-EE81A17BA8B8}.Debug|x86.Build.0 = Debug|Any CPU
		{5AE1E555-1991-4066-BF88-EE81A17BA8B8}.Release|Any CPU.ActiveCfg = Release|Any CPU
		{5AE1E555-1991-4066-BF88-EE81A17BA8B8}.Release|Any CPU.Build.0 = Release|Any CPU
		{5AE1E555-1991-4066-BF88-EE81A17BA8B8}.Release|x64.ActiveCfg = Release|Any CPU
		{5AE1E555-1991-4066-BF88-EE81A17BA8B8}.Release|x64.Build.0 = Release|Any CPU
		{5AE1E555-1991-4066-BF88-EE81A17BA8B8}.Release|x86.ActiveCfg = Release|Any CPU
		{5AE1E555-1991-4066-BF88-EE81A17BA8B8}.Release|x86.Build.0 = Release|Any CPU
		{BBC8A9D5-6C9A-4595-A26F-704642C3538F}.Debug|Any CPU.ActiveCfg = Debug|Any CPU
		{BBC8A9D5-6C9A-4595-A26F-704642C3538F}.Debug|Any CPU.Build.0 = Debug|Any CPU
		{BBC8A9D5-6C9A-4595-A26F-704642C3538F}.Debug|x64.ActiveCfg = Debug|Any CPU
		{BBC8A9D5-6C9A-4595-A26F-704642C3538F}.Debug|x64.Build.0 = Debug|Any CPU
		{BBC8A9D5-6C9A-4595-A26F-704642C3538F}.Debug|x86.ActiveCfg = Debug|Any CPU
		{BBC8A9D5-6C9A-4595-A26F-704642C3538F}.Debug|x86.Build.0 = Debug|Any CPU
		{BBC8A9D5-6C9A-4595-A26F-704642C3538F}.Release|Any CPU.ActiveCfg = Release|Any CPU
		{BBC8A9D5-6C9A-4595-A26F-704642C3538F}.Release|Any CPU.Build.0 = Release|Any CPU
		{BBC8A9D5-6C9A-4595-A26F-704642C3538F}.Release|x64.ActiveCfg = Release|Any CPU
		{BBC8A9D5-6C9A-4595-A26F-704642C3538F}.Release|x64.Build.0 = Release|Any CPU
		{BBC8A9D5-6C9A-4595-A26F-704642C3538F}.Release|x86.ActiveCfg = Release|Any CPU
		{BBC8A9D5-6C9A-4595-A26F-704642C3538F}.Release|x86.Build.0 = Release|Any CPU
		{760DBDDB-F5FA-4EBA-ABE9-E3930B512446}.Debug|Any CPU.ActiveCfg = Debug|Any CPU
		{760DBDDB-F5FA-4EBA-ABE9-E3930B512446}.Debug|Any CPU.Build.0 = Debug|Any CPU
		{760DBDDB-F5FA-4EBA-ABE9-E3930B512446}.Debug|x64.ActiveCfg = Debug|Any CPU
		{760DBDDB-F5FA-4EBA-ABE9-E3930B512446}.Debug|x64.Build.0 = Debug|Any CPU
		{760DBDDB-F5FA-4EBA-ABE9-E3930B512446}.Debug|x86.ActiveCfg = Debug|Any CPU
		{760DBDDB-F5FA-4EBA-ABE9-E3930B512446}.Debug|x86.Build.0 = Debug|Any CPU
		{760DBDDB-F5FA-4EBA-ABE9-E3930B512446}.Release|Any CPU.ActiveCfg = Release|Any CPU
		{760DBDDB-F5FA-4EBA-ABE9-E3930B512446}.Release|Any CPU.Build.0 = Release|Any CPU
		{760DBDDB-F5FA-4EBA-ABE9-E3930B512446}.Release|x64.ActiveCfg = Release|Any CPU
		{760DBDDB-F5FA-4EBA-ABE9-E3930B512446}.Release|x64.Build.0 = Release|Any CPU
		{760DBDDB-F5FA-4EBA-ABE9-E3930B512446}.Release|x86.ActiveCfg = Release|Any CPU
		{760DBDDB-F5FA-4EBA-ABE9-E3930B512446}.Release|x86.Build.0 = Release|Any CPU
		{BC509026-F4D0-4211-8438-1CA214F00F2F}.Debug|Any CPU.ActiveCfg = Debug|Any CPU
		{BC509026-F4D0-4211-8438-1CA214F00F2F}.Debug|Any CPU.Build.0 = Debug|Any CPU
		{BC509026-F4D0-4211-8438-1CA214F00F2F}.Debug|x64.ActiveCfg = Debug|Any CPU
		{BC509026-F4D0-4211-8438-1CA214F00F2F}.Debug|x64.Build.0 = Debug|Any CPU
		{BC509026-F4D0-4211-8438-1CA214F00F2F}.Debug|x86.ActiveCfg = Debug|Any CPU
		{BC509026-F4D0-4211-8438-1CA214F00F2F}.Debug|x86.Build.0 = Debug|Any CPU
		{BC509026-F4D0-4211-8438-1CA214F00F2F}.Release|Any CPU.ActiveCfg = Release|Any CPU
		{BC509026-F4D0-4211-8438-1CA214F00F2F}.Release|Any CPU.Build.0 = Release|Any CPU
		{BC509026-F4D0-4211-8438-1CA214F00F2F}.Release|x64.ActiveCfg = Release|Any CPU
		{BC509026-F4D0-4211-8438-1CA214F00F2F}.Release|x64.Build.0 = Release|Any CPU
		{BC509026-F4D0-4211-8438-1CA214F00F2F}.Release|x86.ActiveCfg = Release|Any CPU
		{BC509026-F4D0-4211-8438-1CA214F00F2F}.Release|x86.Build.0 = Release|Any CPU
		{6B80A4FD-F82A-4FD9-8686-45A15DC12B10}.Debug|Any CPU.ActiveCfg = Debug|Any CPU
		{6B80A4FD-F82A-4FD9-8686-45A15DC12B10}.Debug|Any CPU.Build.0 = Debug|Any CPU
		{6B80A4FD-F82A-4FD9-8686-45A15DC12B10}.Debug|x64.ActiveCfg = Debug|Any CPU
		{6B80A4FD-F82A-4FD9-8686-45A15DC12B10}.Debug|x64.Build.0 = Debug|Any CPU
		{6B80A4FD-F82A-4FD9-8686-45A15DC12B10}.Debug|x86.ActiveCfg = Debug|Any CPU
		{6B80A4FD-F82A-4FD9-8686-45A15DC12B10}.Debug|x86.Build.0 = Debug|Any CPU
		{6B80A4FD-F82A-4FD9-8686-45A15DC12B10}.Release|Any CPU.ActiveCfg = Release|Any CPU
		{6B80A4FD-F82A-4FD9-8686-45A15DC12B10}.Release|Any CPU.Build.0 = Release|Any CPU
		{6B80A4FD-F82A-4FD9-8686-45A15DC12B10}.Release|x64.ActiveCfg = Release|Any CPU
		{6B80A4FD-F82A-4FD9-8686-45A15DC12B10}.Release|x64.Build.0 = Release|Any CPU
		{6B80A4FD-F82A-4FD9-8686-45A15DC12B10}.Release|x86.ActiveCfg = Release|Any CPU
		{6B80A4FD-F82A-4FD9-8686-45A15DC12B10}.Release|x86.Build.0 = Release|Any CPU
		{9F405446-81E5-4486-8885-88E8849F9CBF}.Debug|Any CPU.ActiveCfg = Debug|Any CPU
		{9F405446-81E5-4486-8885-88E8849F9CBF}.Debug|Any CPU.Build.0 = Debug|Any CPU
		{9F405446-81E5-4486-8885-88E8849F9CBF}.Debug|x64.ActiveCfg = Debug|Any CPU
		{9F405446-81E5-4486-8885-88E8849F9CBF}.Debug|x64.Build.0 = Debug|Any CPU
		{9F405446-81E5-4486-8885-88E8849F9CBF}.Debug|x86.ActiveCfg = Debug|Any CPU
		{9F405446-81E5-4486-8885-88E8849F9CBF}.Debug|x86.Build.0 = Debug|Any CPU
		{9F405446-81E5-4486-8885-88E8849F9CBF}.Release|Any CPU.ActiveCfg = Release|Any CPU
		{9F405446-81E5-4486-8885-88E8849F9CBF}.Release|Any CPU.Build.0 = Release|Any CPU
		{9F405446-81E5-4486-8885-88E8849F9CBF}.Release|x64.ActiveCfg = Release|Any CPU
		{9F405446-81E5-4486-8885-88E8849F9CBF}.Release|x64.Build.0 = Release|Any CPU
		{9F405446-81E5-4486-8885-88E8849F9CBF}.Release|x86.ActiveCfg = Release|Any CPU
		{9F405446-81E5-4486-8885-88E8849F9CBF}.Release|x86.Build.0 = Release|Any CPU
		{5E0BD62E-F09F-4EFB-9EA2-D72EB8DB3459}.Debug|Any CPU.ActiveCfg = Debug|Any CPU
		{5E0BD62E-F09F-4EFB-9EA2-D72EB8DB3459}.Debug|Any CPU.Build.0 = Debug|Any CPU
		{5E0BD62E-F09F-4EFB-9EA2-D72EB8DB3459}.Debug|x64.ActiveCfg = Debug|Any CPU
		{5E0BD62E-F09F-4EFB-9EA2-D72EB8DB3459}.Debug|x64.Build.0 = Debug|Any CPU
		{5E0BD62E-F09F-4EFB-9EA2-D72EB8DB3459}.Debug|x86.ActiveCfg = Debug|Any CPU
		{5E0BD62E-F09F-4EFB-9EA2-D72EB8DB3459}.Debug|x86.Build.0 = Debug|Any CPU
		{5E0BD62E-F09F-4EFB-9EA2-D72EB8DB3459}.Release|Any CPU.ActiveCfg = Release|Any CPU
		{5E0BD62E-F09F-4EFB-9EA2-D72EB8DB3459}.Release|Any CPU.Build.0 = Release|Any CPU
		{5E0BD62E-F09F-4EFB-9EA2-D72EB8DB3459}.Release|x64.ActiveCfg = Release|Any CPU
		{5E0BD62E-F09F-4EFB-9EA2-D72EB8DB3459}.Release|x64.Build.0 = Release|Any CPU
		{5E0BD62E-F09F-4EFB-9EA2-D72EB8DB3459}.Release|x86.ActiveCfg = Release|Any CPU
		{5E0BD62E-F09F-4EFB-9EA2-D72EB8DB3459}.Release|x86.Build.0 = Release|Any CPU
		{4AC46939-2D7D-4FBE-A6A1-8E4E8DADF1DA}.Debug|Any CPU.ActiveCfg = Debug|Any CPU
		{4AC46939-2D7D-4FBE-A6A1-8E4E8DADF1DA}.Debug|Any CPU.Build.0 = Debug|Any CPU
		{4AC46939-2D7D-4FBE-A6A1-8E4E8DADF1DA}.Debug|x64.ActiveCfg = Debug|Any CPU
		{4AC46939-2D7D-4FBE-A6A1-8E4E8DADF1DA}.Debug|x64.Build.0 = Debug|Any CPU
		{4AC46939-2D7D-4FBE-A6A1-8E4E8DADF1DA}.Debug|x86.ActiveCfg = Debug|Any CPU
		{4AC46939-2D7D-4FBE-A6A1-8E4E8DADF1DA}.Debug|x86.Build.0 = Debug|Any CPU
		{4AC46939-2D7D-4FBE-A6A1-8E4E8DADF1DA}.Release|Any CPU.ActiveCfg = Release|Any CPU
		{4AC46939-2D7D-4FBE-A6A1-8E4E8DADF1DA}.Release|Any CPU.Build.0 = Release|Any CPU
		{4AC46939-2D7D-4FBE-A6A1-8E4E8DADF1DA}.Release|x64.ActiveCfg = Release|Any CPU
		{4AC46939-2D7D-4FBE-A6A1-8E4E8DADF1DA}.Release|x64.Build.0 = Release|Any CPU
		{4AC46939-2D7D-4FBE-A6A1-8E4E8DADF1DA}.Release|x86.ActiveCfg = Release|Any CPU
		{4AC46939-2D7D-4FBE-A6A1-8E4E8DADF1DA}.Release|x86.Build.0 = Release|Any CPU
		{FF0AC109-3C20-4358-94AF-A8B183F8CF75}.Debug|Any CPU.ActiveCfg = Debug|Any CPU
		{FF0AC109-3C20-4358-94AF-A8B183F8CF75}.Debug|Any CPU.Build.0 = Debug|Any CPU
		{FF0AC109-3C20-4358-94AF-A8B183F8CF75}.Debug|x64.ActiveCfg = Debug|Any CPU
		{FF0AC109-3C20-4358-94AF-A8B183F8CF75}.Debug|x64.Build.0 = Debug|Any CPU
		{FF0AC109-3C20-4358-94AF-A8B183F8CF75}.Debug|x86.ActiveCfg = Debug|Any CPU
		{FF0AC109-3C20-4358-94AF-A8B183F8CF75}.Debug|x86.Build.0 = Debug|Any CPU
		{FF0AC109-3C20-4358-94AF-A8B183F8CF75}.Release|Any CPU.ActiveCfg = Release|Any CPU
		{FF0AC109-3C20-4358-94AF-A8B183F8CF75}.Release|Any CPU.Build.0 = Release|Any CPU
		{FF0AC109-3C20-4358-94AF-A8B183F8CF75}.Release|x64.ActiveCfg = Release|Any CPU
		{FF0AC109-3C20-4358-94AF-A8B183F8CF75}.Release|x64.Build.0 = Release|Any CPU
		{FF0AC109-3C20-4358-94AF-A8B183F8CF75}.Release|x86.ActiveCfg = Release|Any CPU
		{FF0AC109-3C20-4358-94AF-A8B183F8CF75}.Release|x86.Build.0 = Release|Any CPU
		{C8FD891C-98F3-4156-AEA1-D9F6D817FB46}.Debug|Any CPU.ActiveCfg = Debug|Any CPU
		{C8FD891C-98F3-4156-AEA1-D9F6D817FB46}.Debug|Any CPU.Build.0 = Debug|Any CPU
		{C8FD891C-98F3-4156-AEA1-D9F6D817FB46}.Debug|x64.ActiveCfg = Debug|Any CPU
		{C8FD891C-98F3-4156-AEA1-D9F6D817FB46}.Debug|x64.Build.0 = Debug|Any CPU
		{C8FD891C-98F3-4156-AEA1-D9F6D817FB46}.Debug|x86.ActiveCfg = Debug|Any CPU
		{C8FD891C-98F3-4156-AEA1-D9F6D817FB46}.Debug|x86.Build.0 = Debug|Any CPU
		{C8FD891C-98F3-4156-AEA1-D9F6D817FB46}.Release|Any CPU.ActiveCfg = Release|Any CPU
		{C8FD891C-98F3-4156-AEA1-D9F6D817FB46}.Release|Any CPU.Build.0 = Release|Any CPU
		{C8FD891C-98F3-4156-AEA1-D9F6D817FB46}.Release|x64.ActiveCfg = Release|Any CPU
		{C8FD891C-98F3-4156-AEA1-D9F6D817FB46}.Release|x64.Build.0 = Release|Any CPU
		{C8FD891C-98F3-4156-AEA1-D9F6D817FB46}.Release|x86.ActiveCfg = Release|Any CPU
		{C8FD891C-98F3-4156-AEA1-D9F6D817FB46}.Release|x86.Build.0 = Release|Any CPU
		{27474A5C-D4CA-41C3-AE04-749FAA57BF29}.Debug|Any CPU.ActiveCfg = Debug|Any CPU
		{27474A5C-D4CA-41C3-AE04-749FAA57BF29}.Debug|Any CPU.Build.0 = Debug|Any CPU
		{27474A5C-D4CA-41C3-AE04-749FAA57BF29}.Debug|x64.ActiveCfg = Debug|Any CPU
		{27474A5C-D4CA-41C3-AE04-749FAA57BF29}.Debug|x64.Build.0 = Debug|Any CPU
		{27474A5C-D4CA-41C3-AE04-749FAA57BF29}.Debug|x86.ActiveCfg = Debug|Any CPU
		{27474A5C-D4CA-41C3-AE04-749FAA57BF29}.Debug|x86.Build.0 = Debug|Any CPU
		{27474A5C-D4CA-41C3-AE04-749FAA57BF29}.Release|Any CPU.ActiveCfg = Release|Any CPU
		{27474A5C-D4CA-41C3-AE04-749FAA57BF29}.Release|Any CPU.Build.0 = Release|Any CPU
		{27474A5C-D4CA-41C3-AE04-749FAA57BF29}.Release|x64.ActiveCfg = Release|Any CPU
		{27474A5C-D4CA-41C3-AE04-749FAA57BF29}.Release|x64.Build.0 = Release|Any CPU
		{27474A5C-D4CA-41C3-AE04-749FAA57BF29}.Release|x86.ActiveCfg = Release|Any CPU
		{27474A5C-D4CA-41C3-AE04-749FAA57BF29}.Release|x86.Build.0 = Release|Any CPU
		{47E87987-1771-4996-9EF1-C4791BBF8833}.Debug|Any CPU.ActiveCfg = Debug|Any CPU
		{47E87987-1771-4996-9EF1-C4791BBF8833}.Debug|Any CPU.Build.0 = Debug|Any CPU
		{47E87987-1771-4996-9EF1-C4791BBF8833}.Debug|x64.ActiveCfg = Debug|Any CPU
		{47E87987-1771-4996-9EF1-C4791BBF8833}.Debug|x64.Build.0 = Debug|Any CPU
		{47E87987-1771-4996-9EF1-C4791BBF8833}.Debug|x86.ActiveCfg = Debug|Any CPU
		{47E87987-1771-4996-9EF1-C4791BBF8833}.Debug|x86.Build.0 = Debug|Any CPU
		{47E87987-1771-4996-9EF1-C4791BBF8833}.Release|Any CPU.ActiveCfg = Release|Any CPU
		{47E87987-1771-4996-9EF1-C4791BBF8833}.Release|Any CPU.Build.0 = Release|Any CPU
		{47E87987-1771-4996-9EF1-C4791BBF8833}.Release|x64.ActiveCfg = Release|Any CPU
		{47E87987-1771-4996-9EF1-C4791BBF8833}.Release|x64.Build.0 = Release|Any CPU
		{47E87987-1771-4996-9EF1-C4791BBF8833}.Release|x86.ActiveCfg = Release|Any CPU
		{47E87987-1771-4996-9EF1-C4791BBF8833}.Release|x86.Build.0 = Release|Any CPU
		{6C62117D-C24D-401A-8982-6250F0E779FD}.Debug|Any CPU.ActiveCfg = Debug|Any CPU
		{6C62117D-C24D-401A-8982-6250F0E779FD}.Debug|Any CPU.Build.0 = Debug|Any CPU
		{6C62117D-C24D-401A-8982-6250F0E779FD}.Debug|x64.ActiveCfg = Debug|Any CPU
		{6C62117D-C24D-401A-8982-6250F0E779FD}.Debug|x64.Build.0 = Debug|Any CPU
		{6C62117D-C24D-401A-8982-6250F0E779FD}.Debug|x86.ActiveCfg = Debug|Any CPU
		{6C62117D-C24D-401A-8982-6250F0E779FD}.Debug|x86.Build.0 = Debug|Any CPU
		{6C62117D-C24D-401A-8982-6250F0E779FD}.Release|Any CPU.ActiveCfg = Release|Any CPU
		{6C62117D-C24D-401A-8982-6250F0E779FD}.Release|Any CPU.Build.0 = Release|Any CPU
		{6C62117D-C24D-401A-8982-6250F0E779FD}.Release|x64.ActiveCfg = Release|Any CPU
		{6C62117D-C24D-401A-8982-6250F0E779FD}.Release|x64.Build.0 = Release|Any CPU
		{6C62117D-C24D-401A-8982-6250F0E779FD}.Release|x86.ActiveCfg = Release|Any CPU
		{6C62117D-C24D-401A-8982-6250F0E779FD}.Release|x86.Build.0 = Release|Any CPU
		{00DB1CCA-0CB3-451C-B688-4A6221F7F813}.Debug|Any CPU.ActiveCfg = Debug|Any CPU
		{00DB1CCA-0CB3-451C-B688-4A6221F7F813}.Debug|Any CPU.Build.0 = Debug|Any CPU
		{00DB1CCA-0CB3-451C-B688-4A6221F7F813}.Debug|x64.ActiveCfg = Debug|Any CPU
		{00DB1CCA-0CB3-451C-B688-4A6221F7F813}.Debug|x64.Build.0 = Debug|Any CPU
		{00DB1CCA-0CB3-451C-B688-4A6221F7F813}.Debug|x86.ActiveCfg = Debug|Any CPU
		{00DB1CCA-0CB3-451C-B688-4A6221F7F813}.Debug|x86.Build.0 = Debug|Any CPU
		{00DB1CCA-0CB3-451C-B688-4A6221F7F813}.Release|Any CPU.ActiveCfg = Release|Any CPU
		{00DB1CCA-0CB3-451C-B688-4A6221F7F813}.Release|Any CPU.Build.0 = Release|Any CPU
		{00DB1CCA-0CB3-451C-B688-4A6221F7F813}.Release|x64.ActiveCfg = Release|Any CPU
		{00DB1CCA-0CB3-451C-B688-4A6221F7F813}.Release|x64.Build.0 = Release|Any CPU
		{00DB1CCA-0CB3-451C-B688-4A6221F7F813}.Release|x86.ActiveCfg = Release|Any CPU
		{00DB1CCA-0CB3-451C-B688-4A6221F7F813}.Release|x86.Build.0 = Release|Any CPU
		{8D01DC27-349B-48AB-B3E6-CF645FC90B8C}.Debug|Any CPU.ActiveCfg = Debug|Any CPU
		{8D01DC27-349B-48AB-B3E6-CF645FC90B8C}.Debug|Any CPU.Build.0 = Debug|Any CPU
		{8D01DC27-349B-48AB-B3E6-CF645FC90B8C}.Debug|x64.ActiveCfg = Debug|Any CPU
		{8D01DC27-349B-48AB-B3E6-CF645FC90B8C}.Debug|x64.Build.0 = Debug|Any CPU
		{8D01DC27-349B-48AB-B3E6-CF645FC90B8C}.Debug|x86.ActiveCfg = Debug|Any CPU
		{8D01DC27-349B-48AB-B3E6-CF645FC90B8C}.Debug|x86.Build.0 = Debug|Any CPU
		{8D01DC27-349B-48AB-B3E6-CF645FC90B8C}.Release|Any CPU.ActiveCfg = Release|Any CPU
		{8D01DC27-349B-48AB-B3E6-CF645FC90B8C}.Release|Any CPU.Build.0 = Release|Any CPU
		{8D01DC27-349B-48AB-B3E6-CF645FC90B8C}.Release|x64.ActiveCfg = Release|Any CPU
		{8D01DC27-349B-48AB-B3E6-CF645FC90B8C}.Release|x64.Build.0 = Release|Any CPU
		{8D01DC27-349B-48AB-B3E6-CF645FC90B8C}.Release|x86.ActiveCfg = Release|Any CPU
		{8D01DC27-349B-48AB-B3E6-CF645FC90B8C}.Release|x86.Build.0 = Release|Any CPU
		{48AAE9B1-D8EF-4C99-847A-5B4270295E4D}.Debug|Any CPU.ActiveCfg = Debug|Any CPU
		{48AAE9B1-D8EF-4C99-847A-5B4270295E4D}.Debug|Any CPU.Build.0 = Debug|Any CPU
		{48AAE9B1-D8EF-4C99-847A-5B4270295E4D}.Debug|x64.ActiveCfg = Debug|Any CPU
		{48AAE9B1-D8EF-4C99-847A-5B4270295E4D}.Debug|x64.Build.0 = Debug|Any CPU
		{48AAE9B1-D8EF-4C99-847A-5B4270295E4D}.Debug|x86.ActiveCfg = Debug|Any CPU
		{48AAE9B1-D8EF-4C99-847A-5B4270295E4D}.Debug|x86.Build.0 = Debug|Any CPU
		{48AAE9B1-D8EF-4C99-847A-5B4270295E4D}.Release|Any CPU.ActiveCfg = Release|Any CPU
		{48AAE9B1-D8EF-4C99-847A-5B4270295E4D}.Release|Any CPU.Build.0 = Release|Any CPU
		{48AAE9B1-D8EF-4C99-847A-5B4270295E4D}.Release|x64.ActiveCfg = Release|Any CPU
		{48AAE9B1-D8EF-4C99-847A-5B4270295E4D}.Release|x64.Build.0 = Release|Any CPU
		{48AAE9B1-D8EF-4C99-847A-5B4270295E4D}.Release|x86.ActiveCfg = Release|Any CPU
		{48AAE9B1-D8EF-4C99-847A-5B4270295E4D}.Release|x86.Build.0 = Release|Any CPU
		{FC23EE39-DAC4-48A5-8CC4-E0C4604F4846}.Debug|Any CPU.ActiveCfg = Debug|Any CPU
		{FC23EE39-DAC4-48A5-8CC4-E0C4604F4846}.Debug|Any CPU.Build.0 = Debug|Any CPU
		{FC23EE39-DAC4-48A5-8CC4-E0C4604F4846}.Debug|x64.ActiveCfg = Debug|Any CPU
		{FC23EE39-DAC4-48A5-8CC4-E0C4604F4846}.Debug|x64.Build.0 = Debug|Any CPU
		{FC23EE39-DAC4-48A5-8CC4-E0C4604F4846}.Debug|x86.ActiveCfg = Debug|Any CPU
		{FC23EE39-DAC4-48A5-8CC4-E0C4604F4846}.Debug|x86.Build.0 = Debug|Any CPU
		{FC23EE39-DAC4-48A5-8CC4-E0C4604F4846}.Release|Any CPU.ActiveCfg = Release|Any CPU
		{FC23EE39-DAC4-48A5-8CC4-E0C4604F4846}.Release|Any CPU.Build.0 = Release|Any CPU
		{FC23EE39-DAC4-48A5-8CC4-E0C4604F4846}.Release|x64.ActiveCfg = Release|Any CPU
		{FC23EE39-DAC4-48A5-8CC4-E0C4604F4846}.Release|x64.Build.0 = Release|Any CPU
		{FC23EE39-DAC4-48A5-8CC4-E0C4604F4846}.Release|x86.ActiveCfg = Release|Any CPU
		{FC23EE39-DAC4-48A5-8CC4-E0C4604F4846}.Release|x86.Build.0 = Release|Any CPU
		{159C7D18-192F-44AA-944D-1C770C24D93C}.Debug|Any CPU.ActiveCfg = Debug|Any CPU
		{159C7D18-192F-44AA-944D-1C770C24D93C}.Debug|Any CPU.Build.0 = Debug|Any CPU
		{159C7D18-192F-44AA-944D-1C770C24D93C}.Debug|x64.ActiveCfg = Debug|Any CPU
		{159C7D18-192F-44AA-944D-1C770C24D93C}.Debug|x64.Build.0 = Debug|Any CPU
		{159C7D18-192F-44AA-944D-1C770C24D93C}.Debug|x86.ActiveCfg = Debug|Any CPU
		{159C7D18-192F-44AA-944D-1C770C24D93C}.Debug|x86.Build.0 = Debug|Any CPU
		{159C7D18-192F-44AA-944D-1C770C24D93C}.Release|Any CPU.ActiveCfg = Release|Any CPU
		{159C7D18-192F-44AA-944D-1C770C24D93C}.Release|Any CPU.Build.0 = Release|Any CPU
		{159C7D18-192F-44AA-944D-1C770C24D93C}.Release|x64.ActiveCfg = Release|Any CPU
		{159C7D18-192F-44AA-944D-1C770C24D93C}.Release|x64.Build.0 = Release|Any CPU
		{159C7D18-192F-44AA-944D-1C770C24D93C}.Release|x86.ActiveCfg = Release|Any CPU
		{159C7D18-192F-44AA-944D-1C770C24D93C}.Release|x86.Build.0 = Release|Any CPU
		{A3EC4877-D887-40D1-9684-611B912F7EAC}.Debug|Any CPU.ActiveCfg = Debug|Any CPU
		{A3EC4877-D887-40D1-9684-611B912F7EAC}.Debug|Any CPU.Build.0 = Debug|Any CPU
		{A3EC4877-D887-40D1-9684-611B912F7EAC}.Debug|x64.ActiveCfg = Debug|Any CPU
		{A3EC4877-D887-40D1-9684-611B912F7EAC}.Debug|x64.Build.0 = Debug|Any CPU
		{A3EC4877-D887-40D1-9684-611B912F7EAC}.Debug|x86.ActiveCfg = Debug|Any CPU
		{A3EC4877-D887-40D1-9684-611B912F7EAC}.Debug|x86.Build.0 = Debug|Any CPU
		{A3EC4877-D887-40D1-9684-611B912F7EAC}.Release|Any CPU.ActiveCfg = Release|Any CPU
		{A3EC4877-D887-40D1-9684-611B912F7EAC}.Release|Any CPU.Build.0 = Release|Any CPU
		{A3EC4877-D887-40D1-9684-611B912F7EAC}.Release|x64.ActiveCfg = Release|Any CPU
		{A3EC4877-D887-40D1-9684-611B912F7EAC}.Release|x64.Build.0 = Release|Any CPU
		{A3EC4877-D887-40D1-9684-611B912F7EAC}.Release|x86.ActiveCfg = Release|Any CPU
		{A3EC4877-D887-40D1-9684-611B912F7EAC}.Release|x86.Build.0 = Release|Any CPU
	EndGlobalSection
	GlobalSection(SolutionProperties) = preSolution
		HideSolutionNode = FALSE
	EndGlobalSection
	GlobalSection(ExtensibilityGlobals) = postSolution
		SolutionGuid = {5F33E4A7-C8E1-4120-82F4-130779A6BCD6}
	EndGlobalSection
EndGlobal
